
Microsoft Visual Studio Solution File, Format Version 12.00
# Visual Studio Version 16
VisualStudioVersion = 16.0.30611.23
MinimumVisualStudioVersion = 10.0.40219.1
Project("{FAE04EC0-301F-11D3-BF4B-00C04F79EFBC}") = "EmpTimeMgmnt", "EmpTimeMgmnt.csproj", "{CDA680C1-C6E7-4BB6-B72D-4B2ACAACC777}"
EndProject
Global
	GlobalSection(SolutionConfigurationPlatforms) = preSolution
		Debug|Any CPU = Debug|Any CPU
		Release|Any CPU = Release|Any CPU
	EndGlobalSection
	GlobalSection(ProjectConfigurationPlatforms) = postSolution
		{CDA680C1-C6E7-4BB6-B72D-4B2ACAACC777}.Debug|Any CPU.ActiveCfg = Debug|Any CPU
		{CDA680C1-C6E7-4BB6-B72D-4B2ACAACC777}.Debug|Any CPU.Build.0 = Debug|Any CPU
		{CDA680C1-C6E7-4BB6-B72D-4B2ACAACC777}.Debug|Any CPU.Deploy.0 = Debug|Any CPU
		{CDA680C1-C6E7-4BB6-B72D-4B2ACAACC777}.Release|Any CPU.ActiveCfg = Release|Any CPU
		{CDA680C1-C6E7-4BB6-B72D-4B2ACAACC777}.Release|Any CPU.Build.0 = Release|Any CPU
		{CDA680C1-C6E7-4BB6-B72D-4B2ACAACC777}.Release|Any CPU.Deploy.0 = Release|Any CPU
	EndGlobalSection
	GlobalSection(SolutionProperties) = preSolution
		HideSolutionNode = FALSE
	EndGlobalSection
	GlobalSection(ExtensibilityGlobals) = postSolution
		SolutionGuid = {EB67E4A7-F142-4131-ADCD-53F166CC774C}
	EndGlobalSection
EndGlobal
